PODS:
  - KMPlaceholderTextView (1.4.0)

DEPENDENCIES:
  - KMPlaceholderTextView (~> 1.4.0)

SPEC REPOS:
  trunk:
    - KMPlaceholderTextView

SPEC CHECKSUMS:
  KMPlaceholderTextView: 2206c3df39979e9396e2d96fa9f427a8951121b0

PODFILE CHECKSUM: 4f330afef6eee3b5027a0d05e4f0b5cb7dfef5b0

COCOAPODS: 1.11.2
